
Microsoft Visual Studio Solution File, Format Version 12.00
# Visual Studio Version 16
VisualStudioVersion = 16.0.30204.135
MinimumVisualStudioVersion = 10.0.40219.1
Project("{9A19103F-16F7-4668-BE54-9A1E7A4F7556}") = "PipeCRM", "PipeCRM.csproj", "{0BF2F25D-F720-4138-A482-C3E0E9A7A1F2}"
EndProject
Project("{FAE04EC0-301F-11D3-BF4B-00C04F79EFBC}") = "Entities", "Entities\Entities.csproj", "{DECDB35B-C473-4B4A-813D-5638F2EB4688}"
EndProject
Project("{FAE04EC0-301F-11D3-BF4B-00C04F79EFBC}") = "Contracts", "Contracts\Contracts.csproj", "{45C2E213-1C21-4A34-B56D-BF02887CDDE6}"
EndProject
Project("{FAE04EC0-301F-11D3-BF4B-00C04F79EFBC}") = "Repository", "Repository\Repository.csproj", "{737DEECF-BD51-496C-BE91-91B88246992E}"
EndProject
Global
	GlobalSection(SolutionConfigurationPlatforms) = preSolution
		Debug|Any CPU = Debug|Any CPU
		Release|Any CPU = Release|Any CPU
	EndGlobalSection
	GlobalSection(ProjectConfigurationPlatforms) = postSolution
		{0BF2F25D-F720-4138-A482-C3E0E9A7A1F2}.Debug|Any CPU.ActiveCfg = Debug|Any CPU
		{0BF2F25D-F720-4138-A482-C3E0E9A7A1F2}.Debug|Any CPU.Build.0 = Debug|Any CPU
		{0BF2F25D-F720-4138-A482-C3E0E9A7A1F2}.Release|Any CPU.ActiveCfg = Release|Any CPU
		{0BF2F25D-F720-4138-A482-C3E0E9A7A1F2}.Release|Any CPU.Build.0 = Release|Any CPU
		{DECDB35B-C473-4B4A-813D-5638F2EB4688}.Debug|Any CPU.ActiveCfg = Debug|Any CPU
		{DECDB35B-C473-4B4A-813D-5638F2EB4688}.Debug|Any CPU.Build.0 = Debug|Any CPU
		{DECDB35B-C473-4B4A-813D-5638F2EB4688}.Release|Any CPU.ActiveCfg = Release|Any CPU
		{DECDB35B-C473-4B4A-813D-5638F2EB4688}.Release|Any CPU.Build.0 = Release|Any CPU
		{45C2E213-1C21-4A34-B56D-BF02887CDDE6}.Debug|Any CPU.ActiveCfg = Debug|Any CPU
		{45C2E213-1C21-4A34-B56D-BF02887CDDE6}.Debug|Any CPU.Build.0 = Debug|Any CPU
		{45C2E213-1C21-4A34-B56D-BF02887CDDE6}.Release|Any CPU.ActiveCfg = Release|Any CPU
		{45C2E213-1C21-4A34-B56D-BF02887CDDE6}.Release|Any CPU.Build.0 = Release|Any CPU
		{737DEECF-BD51-496C-BE91-91B88246992E}.Debug|Any CPU.ActiveCfg = Debug|Any CPU
		{737DEECF-BD51-496C-BE91-91B88246992E}.Debug|Any CPU.Build.0 = Debug|Any CPU
		{737DEECF-BD51-496C-BE91-91B88246992E}.Release|Any CPU.ActiveCfg = Release|Any CPU
		{737DEECF-BD51-496C-BE91-91B88246992E}.Release|Any CPU.Build.0 = Release|Any CPU
	EndGlobalSection
	GlobalSection(SolutionProperties) = preSolution
		HideSolutionNode = FALSE
	EndGlobalSection
	GlobalSection(ExtensibilityGlobals) = postSolution
		SolutionGuid = {2955C9A2-6BA1-4B0C-99B1-51B378ADD76D}
	EndGlobalSection
EndGlobal
